{
  "version": 4,
  "terraform_version": "1.5.7",
  "serial": 17,
  "lineage": "32d568d9-a625-cad2-8801-a4f0c967852f",
  "outputs": {
    "service_url": {
      "value": "https://churn-api-tom7u2wlba-lz.a.run.app",
      "type": "string"
    }
  },
  "resources": [
    {
      "mode": "managed",
      "type": "google_cloud_run_service_iam_member",
      "name": "public_access",
      "provider": "provider[\"registry.terraform.io/hashicorp/google\"]",
      "instances": [
        {
          "schema_version": 0,
          "attributes": {
            "condition": [],
            "etag": "BwZGNVqx1yo=",
            "id": "v1/projects/churn-ml-api/locations/europe-north1/services/churn-api/roles/run.invoker/allUsers",
            "location": "europe-north1",
            "member": "allUsers",
            "project": "churn-ml-api",
            "role": "roles/run.invoker",
            "service": "v1/projects/churn-ml-api/locations/europe-north1/services/churn-api"
          },
          "sensitive_attributes": [],
          "private": "bnVsbA==",
          "dependencies": [
            "google_cloud_run_v2_service.churn_api"
          ]
        }
      ]
    },
    {
      "mode": "managed",
      "type": "google_cloud_run_v2_service",
      "name": "churn_api",
      "provider": "provider[\"registry.terraform.io/hashicorp/google\"]",
      "instances": [
        {
          "schema_version": 0,
          "attributes": {
            "annotations": {},
            "binary_authorization": [],
            "client": "",
            "client_version": "",
            "conditions": [
              {
                "execution_reason": "",
                "last_transition_time": "2025-12-17T16:36:10.961159Z",
                "message": "",
                "reason": "",
                "revision_reason": "",
                "severity": "",
                "state": "CONDITION_SUCCEEDED",
                "type": "RoutesReady"
              },
              {
                "execution_reason": "",
                "last_transition_time": "2025-12-17T16:35:47.418673Z",
                "message": "",
                "reason": "",
                "revision_reason": "",
                "severity": "",
                "state": "CONDITION_SUCCEEDED",
                "type": "ConfigurationsReady"
              }
            ],
            "create_time": "2025-12-17T16:34:43.440874Z",
            "creator": "terraform-deployer@churn-ml-api.iam.gserviceaccount.com",
            "custom_audiences": [],
            "delete_time": "",
            "description": "",
            "effective_annotations": {},
            "effective_labels": {},
            "etag": "\"CKO3i8oGEJDonNIB/cHJvamVjdHMvY2h1cm4tbWwtYXBpL2xvY2F0aW9ucy9ldXJvcGUtbm9ydGgxL3NlcnZpY2VzL2NodXJuLWFwaQ\"",
            "expire_time": "",
            "generation": "1",
            "id": "projects/churn-ml-api/locations/europe-north1/services/churn-api",
            "ingress": "INGRESS_TRAFFIC_ALL",
            "labels": {},
            "last_modifier": "terraform-deployer@churn-ml-api.iam.gserviceaccount.com",
            "latest_created_revision": "projects/churn-ml-api/locations/europe-north1/services/churn-api/revisions/churn-api-00001-kwv",
            "latest_ready_revision": "projects/churn-ml-api/locations/europe-north1/services/churn-api/revisions/churn-api-00001-kwv",
            "launch_stage": "GA",
            "location": "europe-north1",
            "name": "churn-api",
            "observed_generation": "1",
            "project": "churn-ml-api",
            "reconciling": false,
            "template": [
              {
                "annotations": {},
                "containers": [
                  {
                    "args": [],
                    "command": [],
                    "depends_on": [],
                    "env": [],
                    "image": "europe-north1-docker.pkg.dev/churn-ml-api/churn-repo/churn-project:latest",
                    "liveness_probe": [],
                    "name": "",
                    "ports": [
                      {
                        "container_port": 8000,
                        "name": "http1"
                      }
                    ],
                    "resources": [
                      {
                        "cpu_idle": true,
                        "limits": {
                          "cpu": "1000m",
                          "memory": "512Mi"
                        },
                        "startup_cpu_boost": false
                      }
                    ],
                    "startup_probe": [
                      {
                        "failure_threshold": 1,
                        "grpc": [],
                        "http_get": [],
                        "initial_delay_seconds": 0,
                        "period_seconds": 240,
                        "tcp_socket": [
                          {
                            "port": 8000
                          }
                        ],
                        "timeout_seconds": 240
                      }
                    ],
                    "volume_mounts": [],
                    "working_dir": ""
                  }
                ],
                "encryption_key": "",
                "execution_environment": "",
                "labels": {},
                "max_instance_request_concurrency": 80,
                "revision": "",
                "scaling": [],
                "service_account": "churn-cloud-run@churn-ml-api.iam.gserviceaccount.com",
                "session_affinity": false,
                "timeout": "300s",
                "volumes": [],
                "vpc_access": []
              }
            ],
            "terminal_condition": [
              {
                "execution_reason": "",
                "last_transition_time": "2025-12-17T16:36:10.993218Z",
                "message": "",
                "reason": "",
                "revision_reason": "",
                "severity": "",
                "state": "CONDITION_SUCCEEDED",
                "type": "Ready"
              }
            ],
            "terraform_labels": {},
            "timeouts": null,
            "traffic": [
              {
                "percent": 100,
                "revision": "",
                "tag": "",
                "type": "TRAFFIC_TARGET_ALLOCATION_TYPE_LATEST"
              }
            ],
            "traffic_statuses": [
              {
                "percent": 100,
                "revision": "",
                "tag": "",
                "type": "TRAFFIC_TARGET_ALLOCATION_TYPE_LATEST",
                "uri": ""
              }
            ],
            "uid": "52c2ff71-f7e8-4d3a-a924-a70151c2e3c0",
            "update_time": "2025-12-17T16:34:43.440874Z",
            "uri": "https://churn-api-tom7u2wlba-lz.a.run.app"
          },
          "sensitive_attributes": [],
          "private": "eyJlMmJmYjczMC1lY2FhLTExZTYtOGY4OC0zNDM2M2JjN2M0YzAiOnsiY3JlYXRlIjoxMjAwMDAwMDAwMDAwLCJkZWxldGUiOjEyMDAwMDAwMDAwMDAsInVwZGF0ZSI6MTIwMDAwMDAwMDAwMH19",
          "dependencies": [
            "google_service_account.cloud_run_sa"
          ]
        }
      ]
    },
    {
      "mode": "managed",
      "type": "google_service_account",
      "name": "cloud_run_sa",
      "provider": "provider[\"registry.terraform.io/hashicorp/google\"]",
      "instances": [
        {
          "schema_version": 0,
          "attributes": {
            "account_id": "churn-cloud-run",
            "create_ignore_already_exists": null,
            "description": "",
            "disabled": false,
            "display_name": "Churn Cloud Run service account",
            "email": "churn-cloud-run@churn-ml-api.iam.gserviceaccount.com",
            "id": "projects/churn-ml-api/serviceAccounts/churn-cloud-run@churn-ml-api.iam.gserviceaccount.com",
            "member": "serviceAccount:churn-cloud-run@churn-ml-api.iam.gserviceaccount.com",
            "name": "projects/churn-ml-api/serviceAccounts/churn-cloud-run@churn-ml-api.iam.gserviceaccount.com",
            "project": "churn-ml-api",
            "timeouts": null,
            "unique_id": "108265886504683087412"
          },
          "sensitive_attributes": [],
          "private": "eyJlMmJmYjczMC1lY2FhLTExZTYtOGY4OC0zNDM2M2JjN2M0YzAiOnsiY3JlYXRlIjozMDAwMDAwMDAwMDB9fQ=="
        }
      ]
    }
  ],
  "check_results": null
}
